
Microsoft Visual Studio Solution File, Format Version 12.00
# Visual Studio 15
VisualStudioVersion = 15.0.28010.2026
MinimumVisualStudioVersion = 10.0.40219.1
Project("{8BC9CEB8-8B4A-11D0-8D11-00A0C91BC942}") = "SchoolworkRepo1", "SchoolworkRepo1\SchoolworkRepo1.vcxproj", "{F0F9B47D-0005-4CB4-B15F-B0A09E0D3E74}"
EndProject
Global
	GlobalSection(SolutionConfigurationPlatforms) = preSolution
		Debug|x64 = Debug|x64
		Debug|x86 = Debug|x86
		Release|x64 = Release|x64
		Release|x86 = Release|x86
	EndGlobalSection
	GlobalSection(ProjectConfigurationPlatforms) = postSolution
		{F0F9B47D-0005-4CB4-B15F-B0A09E0D3E74}.Debug|x64.ActiveCfg = Debug|x64
		{F0F9B47D-0005-4CB4-B15F-B0A09E0D3E74}.Debug|x64.Build.0 = Debug|x64
		{F0F9B47D-0005-4CB4-B15F-B0A09E0D3E74}.Debug|x86.ActiveCfg = Debug|Win32
		{F0F9B47D-0005-4CB4-B15F-B0A09E0D3E74}.Debug|x86.Build.0 = Debug|Win32
		{F0F9B47D-0005-4CB4-B15F-B0A09E0D3E74}.Release|x64.ActiveCfg = Release|x64
		{F0F9B47D-0005-4CB4-B15F-B0A09E0D3E74}.Release|x64.Build.0 = Release|x64
		{F0F9B47D-0005-4CB4-B15F-B0A09E0D3E74}.Release|x86.ActiveCfg = Release|Win32
		{F0F9B47D-0005-4CB4-B15F-B0A09E0D3E74}.Release|x86.Build.0 = Release|Win32
	EndGlobalSection
	GlobalSection(SolutionProperties) = preSolution
		HideSolutionNode = FALSE
	EndGlobalSection
	GlobalSection(ExtensibilityGlobals) = postSolution
		SolutionGuid = {3DE3FAA3-999A-4BF8-B65C-F1EF31054A85}
	EndGlobalSection
EndGlobal
